{
  "name": "3.2",
  "version": "1.0.0",
  "lockfileVersion": 2,
  "requires": true,
  "packages": {
    "": {
      "name": "3.2",
      "version": "1.0.0",
      "license": "ISC",
      "dependencies": {
        "@tanyavoz/ajs": "^1.0.0"
      }
    },
    "node_modules/@tanyavoz/ajs": {
      "version": "1.0.0",
      "resolved": "https://npm.pkg.github.com/download/@tanyavoz/ajs/1.0.0/a80d0300c2ed4b90145a394e9e38ced428195a077211de2baa3496546a0b26f2",
      "integrity": "sha512-W9WvmKIf1B81Hb4+rAYaUcOGmxKvKRQGwzKkYtsqbTaGYi5A+LTudKQzczvmpXF+rX90EA0UgfcX2j35zmCPSw==",
      "license": "ISC"
    }
  },
  "dependencies": {
    "@tanyavoz/ajs": {
      "version": "1.0.0",
      "resolved": "https://npm.pkg.github.com/download/@tanyavoz/ajs/1.0.0/a80d0300c2ed4b90145a394e9e38ced428195a077211de2baa3496546a0b26f2",
      "integrity": "sha512-W9WvmKIf1B81Hb4+rAYaUcOGmxKvKRQGwzKkYtsqbTaGYi5A+LTudKQzczvmpXF+rX90EA0UgfcX2j35zmCPSw=="
    }
  }
}
